// !$*UTF8*$!
{
	archiveVersion = 1;
	classes = {
	};
	objectVersion = 55;
	objects = {

/* Begin PBXBuildFile section */
		59BF9B4F273163AD00A59F1A /* AppDelegate.swift in Sources */ = {isa = PBXBuildFile; fileRef = 59BF9B4E273163AD00A59F1A /* AppDelegate.swift */; };
		59BF9B51273163AD00A59F1A /* SceneDelegate.swift in Sources */ = {isa = PBXBuildFile; fileRef = 59BF9B50273163AD00A59F1A /* SceneDelegate.swift */; };
		59BF9B53273163AD00A59F1A /* ViewController.swift in Sources */ = {isa = PBXBuildFile; fileRef = 59BF9B52273163AD00A59F1A /* ViewController.swift */; };
		59BF9B56273163AE00A59F1A /* Main.storyboard in Resources */ = {isa = PBXBuildFile; fileRef = 59BF9B54273163AE00A59F1A /* Main.storyboard */; };
		59BF9B58273163B100A59F1A /* Assets.xcassets in Resources */ = {isa = PBXBuildFile; fileRef = 59BF9B57273163B100A59F1A /* Assets.xcassets */; };
		59BF9B5B273163B100A59F1A /* LaunchScreen.storyboard in Resources */ = {isa = PBXBuildFile; fileRef = 59BF9B59273163B100A59F1A /* LaunchScreen.storyboard */; };
		59BF9B67273187CF00A59F1A /* Models.swift in Sources */ = {isa = PBXBuildFile; fileRef = 59BF9B66273187CF00A59F1A /* Models.swift */; };
		59BF9B6A2731981800A59F1A /* QuestionViewController.swift in Sources */ = {isa = PBXBuildFile; fileRef = 59BF9B692731981800A59F1A /* QuestionViewController.swift */; };
		59BF9B6C2731987400A59F1A /* ResultViewController.swift in Sources */ = {isa = PBXBuildFile; fileRef = 59BF9B6B2731987400A59F1A /* ResultViewController.swift */; };
/* End PBXBuildFile section */

/* Begin PBXFileReference section */
		59BF9B4B273163AD00A59F1A /* Homework 5.app */ = {isa = PBXFileReference; explicitFileType = wrapper.application; includeInIndex = 0; path = "Homework 5.app"; sourceTree = BUILT_PRODUCTS_DIR; };
		59BF9B4E273163AD00A59F1A /* AppDelegate.swift */ = {isa = PBXFileReference; lastKnownFileType = sourcecode.swift; path = AppDelegate.swift; sourceTree = "<group>"; };
		59BF9B50273163AD00A59F1A /* SceneDelegate.swift */ = {isa = PBXFileReference; lastKnownFileType = sourcecode.swift; path = SceneDelegate.swift; sourceTree = "<group>"; };
		59BF9B52273163AD00A59F1A /* ViewController.swift */ = {isa = PBXFileReference; lastKnownFileType = sourcecode.swift; path = ViewController.swift; sourceTree = "<group>"; };
		59BF9B55273163AE00A59F1A /* Base */ = {isa = PBXFileReference; lastKnownFileType = file.storyboard; name = Base; path = Base.lproj/Main.storyboard; sourceTree = "<group>"; };
		59BF9B57273163B100A59F1A /* Assets.xcassets */ = {isa = PBXFileReference; lastKnownFileType = folder.assetcatalog; path = Assets.xcassets; sourceTree = "<group>"; };
		59BF9B5A273163B100A59F1A /* Base */ = {isa = PBXFileReference; lastKnownFileType = file.storyboard; name = Base; path = Base.lproj/LaunchScreen.storyboard; sourceTree = "<group>"; };
		59BF9B5C273163B100A59F1A /* Info.plist */ = {isa = PBXFileReference; lastKnownFileType = text.plist.xml; path = Info.plist; sourceTree = "<group>"; };
		59BF9B66273187CF00A59F1A /* Models.swift */ = {isa = PBXFileReference; lastKnownFileType = sourcecode.swift; path = Models.swift; sourceTree = "<group>"; };
		59BF9B692731981800A59F1A /* QuestionViewController.swift */ = {isa = PBXFileReference; lastKnownFileType = sourcecode.swift; path = QuestionViewController.swift; sourceTree = "<group>"; };
		59BF9B6B2731987400A59F1A /* ResultViewController.swift */ = {isa = PBXFileReference; lastKnownFileType = sourcecode.swift; path = ResultViewController.swift; sourceTree = "<group>"; };
/* End PBXFileReference section */

/* Begin PBXFrameworksBuildPhase section */
		59BF9B48273163AD00A59F1A /* Frameworks */ = {
			isa = PBXFrameworksBuildPhase;
			buildActionMask = 2147483647;
			files = (
			);
			runOnlyForDeploymentPostprocessing = 0;
		};
/* End PBXFrameworksBuildPhase section */

/* Begin PBXGroup section */
		59BF9B42273163AD00A59F1A = {
			isa = PBXGroup;
			children = (
				59BF9B4D273163AD00A59F1A /* Homework 5 */,
				59BF9B4C273163AD00A59F1A /* Products */,
			);
			sourceTree = "<group>";
		};
		59BF9B4C273163AD00A59F1A /* Products */ = {
			isa = PBXGroup;
			children = (
				59BF9B4B273163AD00A59F1A /* Homework 5.app */,
			);
			name = Products;
			sourceTree = "<group>";
		};
		59BF9B4D273163AD00A59F1A /* Homework 5 */ = {
			isa = PBXGroup;
			children = (
				59BF9B622731870D00A59F1A /* ViewControllers */,
				59BF9B632731873000A59F1A /* StoryBoards */,
				59BF9B68273187EA00A59F1A /* Models */,
				59BF9B642731875700A59F1A /* Resourses */,
				59BF9B652731879100A59F1A /* Configs */,
				59BF9B5C273163B100A59F1A /* Info.plist */,
			);
			path = "Homework 5";
			sourceTree = "<group>";
		};
		59BF9B622731870D00A59F1A /* ViewControllers */ = {
			isa = PBXGroup;
			children = (
				59BF9B52273163AD00A59F1A /* ViewController.swift */,
				59BF9B692731981800A59F1A /* QuestionViewController.swift */,
				59BF9B6B2731987400A59F1A /* ResultViewController.swift */,
			);
			path = ViewControllers;
			sourceTree = "<group>";
		};
		59BF9B632731873000A59F1A /* StoryBoards */ = {
			isa = PBXGroup;
			children = (
				59BF9B54273163AE00A59F1A /* Main.storyboard */,
				59BF9B59273163B100A59F1A /* LaunchScreen.storyboard */,
			);
			path = StoryBoards;
			sourceTree = "<group>";
		};
		59BF9B642731875700A59F1A /* Resourses */ = {
			isa = PBXGroup;
			children = (
				59BF9B57273163B100A59F1A /* Assets.xcassets */,
			);
			path = Resourses;
			sourceTree = "<group>";
		};
		59BF9B652731879100A59F1A /* Configs */ = {
			isa = PBXGroup;
			children = (
				59BF9B50273163AD00A59F1A /* SceneDelegate.swift */,
				59BF9B4E273163AD00A59F1A /* AppDelegate.swift */,
			);
			path = Configs;
			sourceTree = "<group>";
		};
		59BF9B68273187EA00A59F1A /* Models */ = {
			isa = PBXGroup;
			children = (
				59BF9B66273187CF00A59F1A /* Models.swift */,
			);
			path = Models;
			sourceTree = "<group>";
		};
/* End PBXGroup section */

/* Begin PBXNativeTarget section */
		59BF9B4A273163AD00A59F1A /* Homework 5 */ = {
			isa = PBXNativeTarget;
			buildConfigurationList = 59BF9B5F273163B100A59F1A /* Build configuration list for PBXNativeTarget "Homework 5" */;
			buildPhases = (
				59BF9B47273163AD00A59F1A /* Sources */,
				59BF9B48273163AD00A59F1A /* Frameworks */,
				59BF9B49273163AD00A59F1A /* Resources */,
			);
			buildRules = (
			);
			dependencies = (
			);
			name = "Homework 5";
			productName = "Homework 5";
			productReference = 59BF9B4B273163AD00A59F1A /* Homework 5.app */;
			productType = "com.apple.product-type.application";
		};
/* End PBXNativeTarget section */

/* Begin PBXProject section */
		59BF9B43273163AD00A59F1A /* Project object */ = {
			isa = PBXProject;
			attributes = {
				BuildIndependentTargetsInParallel = 1;
				LastSwiftUpdateCheck = 1300;
				LastUpgradeCheck = 1300;
				TargetAttributes = {
					59BF9B4A273163AD00A59F1A = {
						CreatedOnToolsVersion = 13.0;
					};
				};
			};
			buildConfigurationList = 59BF9B46273163AD00A59F1A /* Build configuration list for PBXProject "Homework 5" */;
			compatibilityVersion = "Xcode 13.0";
			developmentRegion = en;
			hasScannedForEncodings = 0;
			knownRegions = (
				en,
				Base,
			);
			mainGroup = 59BF9B42273163AD00A59F1A;
			productRefGroup = 59BF9B4C273163AD00A59F1A /* Products */;
			projectDirPath = "";
			projectRoot = "";
			targets = (
				59BF9B4A273163AD00A59F1A /* Homework 5 */,
			);
		};
/* End PBXProject section */

/* Begin PBXResourcesBuildPhase section */
		59BF9B49273163AD00A59F1A /* Resources */ = {
			isa = PBXResourcesBuildPhase;
			buildActionMask = 2147483647;
			files = (
				59BF9B5B273163B100A59F1A /* LaunchScreen.storyboard in Resources */,
				59BF9B58273163B100A59F1A /* Assets.xcassets in Resources */,
				59BF9B56273163AE00A59F1A /* Main.storyboard in Resources */,
			);
			runOnlyForDeploymentPostprocessing = 0;
		};
/* End PBXResourcesBuildPhase section */

/* Begin PBXSourcesBuildPhase section */
		59BF9B47273163AD00A59F1A /* Sources */ = {
			isa = PBXSourcesBuildPhase;
			buildActionMask = 2147483647;
			files = (
				59BF9B53273163AD00A59F1A /* ViewController.swift in Sources */,
				59BF9B6A2731981800A59F1A /* QuestionViewController.swift in Sources */,
				59BF9B4F273163AD00A59F1A /* AppDelegate.swift in Sources */,
				59BF9B51273163AD00A59F1A /* SceneDelegate.swift in Sources */,
				59BF9B67273187CF00A59F1A /* Models.swift in Sources */,
				59BF9B6C2731987400A59F1A /* ResultViewController.swift in Sources */,
			);
			runOnlyForDeploymentPostprocessing = 0;
		};
/* End PBXSourcesBuildPhase section */

/* Begin PBXVariantGroup section */
		59BF9B54273163AE00A59F1A /* Main.storyboard */ = {
			isa = PBXVariantGroup;
			children = (
				59BF9B55273163AE00A59F1A /* Base */,
			);
			name = Main.storyboard;
			sourceTree = "<group>";
		};
		59BF9B59273163B100A59F1A /* LaunchScreen.storyboard */ = {
			isa = PBXVariantGroup;
			children = (
				59BF9B5A273163B100A59F1A /* Base */,
			);
			name = LaunchScreen.storyboard;
			sourceTree = "<group>";
		};
/* End PBXVariantGroup section */

/* Begin XCBuildConfiguration section */
		59BF9B5D273163B100A59F1A /* Debug */ = {
			isa = XCBuildConfiguration;
			buildSettings = {
				ALWAYS_SEARCH_USER_PATHS = NO;
				CLANG_ANALYZER_NONNULL = YES;
				CLANG_ANALYZER_NUMBER_OBJECT_CONVERSION = YES_AGGRESSIVE;
				CLANG_CXX_LANGUAGE_STANDARD = "gnu++17";
				CLANG_CXX_LIBRARY = "libc++";
				CLANG_ENABLE_MODULES = YES;
				CLANG_ENABLE_OBJC_ARC = YES;
				CLANG_ENABLE_OBJC_WEAK = YES;
				CLANG_WARN_BLOCK_CAPTURE_AUTORELEASING = YES;
				CLANG_WARN_BOOL_CONVERSION = YES;
				CLANG_WARN_COMMA = YES;
				CLANG_WARN_CONSTANT_CONVERSION = YES;
				CLANG_WARN_DEPRECATED_OBJC_IMPLEMENTATIONS = YES;
				CLANG_WARN_DIRECT_OBJC_ISA_USAGE = YES_ERROR;
				CLANG_WARN_DOCUMENTATION_COMMENTS = YES;
				CLANG_WARN_EMPTY_BODY = YES;
				CLANG_WARN_ENUM_CONVERSION = YES;
				CLANG_WARN_INFINITE_RECURSION = YES;
				CLANG_WARN_INT_CONVERSION = YES;
				CLANG_WARN_NON_LITERAL_NULL_CONVERSION = YES;
				CLANG_WARN_OBJC_IMPLICIT_RETAIN_SELF = YES;
				CLANG_WARN_OBJC_LITERAL_CONVERSION = YES;
				CLANG_WARN_OBJC_ROOT_CLASS = YES_ERROR;
				CLANG_WARN_QUOTED_INCLUDE_IN_FRAMEWORK_HEADER = YES;
				CLANG_WARN_RANGE_LOOP_ANALYSIS = YES;
				CLANG_WARN_STRICT_PROTOTYPES = YES;
				CLANG_WARN_SUSPICIOUS_MOVE = YES;
				CLANG_WARN_UNGUARDED_AVAILABILITY = YES_AGGRESSIVE;
				CLANG_WARN_UNREACHABLE_CODE = YES;
				CLANG_WARN__DUPLICATE_METHOD_MATCH = YES;
				COPY_PHASE_STRIP = NO;
				DEBUG_INFORMATION_FORMAT = dwarf;
				ENABLE_STRICT_OBJC_MSGSEND = YES;
				ENABLE_TESTABILITY = YES;
				GCC_C_LANGUAGE_STANDARD = gnu11;
				GCC_DYNAMIC_NO_PIC = NO;
				GCC_NO_COMMON_BLOCKS = YES;
				GCC_OPTIMIZATION_LEVEL = 0;
				GCC_PREPROCESSOR_DEFINITIONS = (
					"DEBUG=1",
					"$(inherited)",
				);
				GCC_WARN_64_TO_32_BIT_CONVERSION = YES;
				GCC_WARN_ABOUT_RETURN_TYPE = YES_ERROR;
				GCC_WARN_UNDECLARED_SELECTOR = YES;
				GCC_WARN_UNINITIALIZED_AUTOS = YES_AGGRESSIVE;
				GCC_WARN_UNUSED_FUNCTION = YES;
				GCC_WARN_UNUSED_VARIABLE = YES;
				IPHONEOS_DEPLOYMENT_TARGET = 15.0;
				MTL_ENABLE_DEBUG_INFO = INCLUDE_SOURCE;
				MTL_FAST_MATH = YES;
				ONLY_ACTIVE_ARCH = YES;
				SDKROOT = iphoneos;
				SWIFT_ACTIVE_COMPILATION_CONDITIONS = DEBUG;
				SWIFT_OPTIMIZATION_LEVEL = "-Onone";
			};
			name = Debug;
		};
		59BF9B5E273163B100A59F1A /* Release */ = {
			isa = XCBuildConfiguration;
			buildSettings = {
				ALWAYS_SEARCH_USER_PATHS = NO;
				CLANG_ANALYZER_NONNULL = YES;
				CLANG_ANALYZER_NUMBER_OBJECT_CONVERSION = YES_AGGRESSIVE;
				CLANG_CXX_LANGUAGE_STANDARD = "gnu++17";
				CLANG_CXX_LIBRARY = "libc++";
				CLANG_ENABLE_MODULES = YES;
				CLANG_ENABLE_OBJC_ARC = YES;
				CLANG_ENABLE_OBJC_WEAK = YES;
				CLANG_WARN_BLOCK_CAPTURE_AUTORELEASING = YES;
				CLANG_WARN_BOOL_CONVERSION = YES;
				CLANG_WARN_COMMA = YES;
				CLANG_WARN_CONSTANT_CONVERSION = YES;
				CLANG_WARN_DEPRECATED_OBJC_IMPLEMENTATIONS = YES;
				CLANG_WARN_DIRECT_OBJC_ISA_USAGE = YES_ERROR;
				CLANG_WARN_DOCUMENTATION_COMMENTS = YES;
				CLANG_WARN_EMPTY_BODY = YES;
				CLANG_WARN_ENUM_CONVERSION = YES;
				CLANG_WARN_INFINITE_RECURSION = YES;
				CLANG_WARN_INT_CONVERSION = YES;
				CLANG_WARN_NON_LITERAL_NULL_CONVERSION = YES;
				CLANG_WARN_OBJC_IMPLICIT_RETAIN_SELF = YES;
				CLANG_WARN_OBJC_LITERAL_CONVERSION = YES;
				CLANG_WARN_OBJC_ROOT_CLASS = YES_ERROR;
				CLANG_WARN_QUOTED_INCLUDE_IN_FRAMEWORK_HEADER = YES;
				CLANG_WARN_RANGE_LOOP_ANALYSIS = YES;
				CLANG_WARN_STRICT_PROTOTYPES = YES;
				CLANG_WARN_SUSPICIOUS_MOVE = YES;
				CLANG_WARN_UNGUARDED_AVAILABILITY = YES_AGGRESSIVE;
				CLANG_WARN_UNREACHABLE_CODE = YES;
				CLANG_WARN__DUPLICATE_METHOD_MATCH = YES;
				COPY_PHASE_STRIP = NO;
				DEBUG_INFORMATION_FORMAT = "dwarf-with-dsym";
				ENABLE_NS_ASSERTIONS = NO;
				ENABLE_STRICT_OBJC_MSGSEND = YES;
				GCC_C_LANGUAGE_STANDARD = gnu11;
				GCC_NO_COMMON_BLOCKS = YES;
				GCC_WARN_64_TO_32_BIT_CONVERSION = YES;
				GCC_WARN_ABOUT_RETURN_TYPE = YES_ERROR;
				GCC_WARN_UNDECLARED_SELECTOR = YES;
				GCC_WARN_UNINITIALIZED_AUTOS = YES_AGGRESSIVE;
				GCC_WARN_UNUSED_FUNCTION = YES;
				GCC_WARN_UNUSED_VARIABLE = YES;
				IPHONEOS_DEPLOYMENT_TARGET = 15.0;
				MTL_ENABLE_DEBUG_INFO = NO;
				MTL_FAST_MATH = YES;
				SDKROOT = iphoneos;
				SWIFT_COMPILATION_MODE = wholemodule;
				SWIFT_OPTIMIZATION_LEVEL = "-O";
				VALIDATE_PRODUCT = YES;
			};
			name = Release;
		};
		59BF9B60273163B100A59F1A /* Debug */ = {
			isa = XCBuildConfiguration;
			buildSettings = {
				ASSETCATALOG_COMPILER_APPICON_NAME = AppIcon;
				ASSETCATALOG_COMPILER_GLOBAL_ACCENT_COLOR_NAME = AccentColor;
				CODE_SIGN_STYLE = Automatic;
				CURRENT_PROJECT_VERSION = 1;
				DEVELOPMENT_TEAM = ND4K69ACN5;
				GENERATE_INFOPLIST_FILE = YES;
				INFOPLIST_FILE = "Homework 5/Info.plist";
				INFOPLIST_KEY_UIApplicationSupportsIndirectInputEvents = YES;
				INFOPLIST_KEY_UILaunchStoryboardName = LaunchScreen;
				INFOPLIST_KEY_UIMainStoryboardFile = Main;
				INFOPLIST_KEY_UISupportedInterfaceOrientations_iPad = "UIInterfaceOrientationPortrait UIInterfaceOrientationPortraitUpsideDown UIInterfaceOrientationLandscapeLeft UIInterfaceOrientationLandscapeRight";
				INFOPLIST_KEY_UISupportedInterfaceOrientations_iPhone = "UIInterfaceOrientationPortrait UIInterfaceOrientationLandscapeLeft UIInterfaceOrientationLandscapeRight";
				LD_RUNPATH_SEARCH_PATHS = (
					"$(inherited)",
					"@executable_path/Frameworks",
				);
				MARKETING_VERSION = 1.0;
				PRODUCT_BUNDLE_IDENTIFIER = "KonstantinBoiko.Homework-5";
				PRODUCT_NAME = "$(TARGET_NAME)";
				SWIFT_EMIT_LOC_STRINGS = YES;
				SWIFT_VERSION = 5.0;
				TARGETED_DEVICE_FAMILY = 1;
			};
			name = Debug;
		};
		59BF9B61273163B100A59F1A /* Release */ = {
			isa = XCBuildConfiguration;
			buildSettings = {
				ASSETCATALOG_COMPILER_APPICON_NAME = AppIcon;
				ASSETCATALOG_COMPILER_GLOBAL_ACCENT_COLOR_NAME = AccentColor;
				CODE_SIGN_STYLE = Automatic;
				CURRENT_PROJECT_VERSION = 1;
				DEVELOPMENT_TEAM = ND4K69ACN5;
				GENERATE_INFOPLIST_FILE = YES;
				INFOPLIST_FILE = "Homework 5/Info.plist";
				INFOPLIST_KEY_UIApplicationSupportsIndirectInputEvents = YES;
				INFOPLIST_KEY_UILaunchStoryboardName = LaunchScreen;
				INFOPLIST_KEY_UIMainStoryboardFile = Main;
				INFOPLIST_KEY_UISupportedInterfaceOrientations_iPad = "UIInterfaceOrientationPortrait UIInterfaceOrientationPortraitUpsideDown UIInterfaceOrientationLandscapeLeft UIInterfaceOrientationLandscapeRight";
				INFOPLIST_KEY_UISupportedInterfaceOrientations_iPhone = "UIInterfaceOrientationPortrait UIInterfaceOrientationLandscapeLeft UIInterfaceOrientationLandscapeRight";
				LD_RUNPATH_SEARCH_PATHS = (
					"$(inherited)",
					"@executable_path/Frameworks",
				);
				MARKETING_VERSION = 1.0;
				PRODUCT_BUNDLE_IDENTIFIER = "KonstantinBoiko.Homework-5";
				PRODUCT_NAME = "$(TARGET_NAME)";
				SWIFT_EMIT_LOC_STRINGS = YES;
				SWIFT_VERSION = 5.0;
				TARGETED_DEVICE_FAMILY = 1;
			};
			name = Release;
		};
/* End XCBuildConfiguration section */

/* Begin XCConfigurationList section */
		59BF9B46273163AD00A59F1A /* Build configuration list for PBXProject "Homework 5" */ = {
			isa = XCConfigurationList;
			buildConfigurations = (
				59BF9B5D273163B100A59F1A /* Debug */,
				59BF9B5E273163B100A59F1A /* Release */,
			);
			defaultConfigurationIsVisible = 0;
			defaultConfigurationName = Release;
		};
		59BF9B5F273163B100A59F1A /* Build configuration list for PBXNativeTarget "Homework 5" */ = {
			isa = XCConfigurationList;
			buildConfigurations = (
				59BF9B60273163B100A59F1A /* Debug */,
				59BF9B61273163B100A59F1A /* Release */,
			);
			defaultConfigurationIsVisible = 0;
			defaultConfigurationName = Release;
		};
/* End XCConfigurationList section */
	};
	rootObject = 59BF9B43273163AD00A59F1A /* Project object */;
}
